
Microsoft Visual Studio Solution File, Format Version 12.00
# Visual Studio Version 17
VisualStudioVersion = 17.0.31903.59
MinimumVisualStudioVersion = 10.0.40219.1
Project("{FAE04EC0-301F-11D3-BF4B-00C04F79EFBC}") = "Api", "Api\Api.csproj", "{E26BBEE3-132C-4191-A91B-D466C9DDE1E0}"
EndProject
Project("{FAE04EC0-301F-11D3-BF4B-00C04F79EFBC}") = "Domain", "Domain\Domain.csproj", "{E484D16A-E3BF-47D2-AFD1-1F3AC9407F3D}"
EndProject
Project("{FAE04EC0-301F-11D3-BF4B-00C04F79EFBC}") = "Infrastructure", "Infrastructure\Infrastructure.csproj", "{BA4EFC42-C4FE-495B-AA9B-5F3AFCA135B0}"
EndProject
Project("{FAE04EC0-301F-11D3-BF4B-00C04F79EFBC}") = "UnitTests", "UnitTests\UnitTests.csproj", "{1F0A2955-DE91-4C99-BF5D-7425E357432D}"
EndProject
Project("{FAE04EC0-301F-11D3-BF4B-00C04F79EFBC}") = "IntegrationTests", "IntegrationTests\IntegrationTests.csproj", "{9AAF8EE6-4534-4C77-A303-8C452D9D450D}"
EndProject
Global
	GlobalSection(SolutionConfigurationPlatforms) = preSolution
		Debug|Any CPU = Debug|Any CPU
		Release|Any CPU = Release|Any CPU
	EndGlobalSection
	GlobalSection(SolutionProperties) = preSolution
		HideSolutionNode = FALSE
	EndGlobalSection
	GlobalSection(ProjectConfigurationPlatforms) = postSolution
		{E26BBEE3-132C-4191-A91B-D466C9DDE1E0}.Debug|Any CPU.ActiveCfg = Debug|Any CPU
		{E26BBEE3-132C-4191-A91B-D466C9DDE1E0}.Debug|Any CPU.Build.0 = Debug|Any CPU
		{E26BBEE3-132C-4191-A91B-D466C9DDE1E0}.Release|Any CPU.ActiveCfg = Release|Any CPU
		{E26BBEE3-132C-4191-A91B-D466C9DDE1E0}.Release|Any CPU.Build.0 = Release|Any CPU
		{E484D16A-E3BF-47D2-AFD1-1F3AC9407F3D}.Debug|Any CPU.ActiveCfg = Debug|Any CPU
		{E484D16A-E3BF-47D2-AFD1-1F3AC9407F3D}.Debug|Any CPU.Build.0 = Debug|Any CPU
		{E484D16A-E3BF-47D2-AFD1-1F3AC9407F3D}.Release|Any CPU.ActiveCfg = Release|Any CPU
		{E484D16A-E3BF-47D2-AFD1-1F3AC9407F3D}.Release|Any CPU.Build.0 = Release|Any CPU
		{BA4EFC42-C4FE-495B-AA9B-5F3AFCA135B0}.Debug|Any CPU.ActiveCfg = Debug|Any CPU
		{BA4EFC42-C4FE-495B-AA9B-5F3AFCA135B0}.Debug|Any CPU.Build.0 = Debug|Any CPU
		{BA4EFC42-C4FE-495B-AA9B-5F3AFCA135B0}.Release|Any CPU.ActiveCfg = Release|Any CPU
		{BA4EFC42-C4FE-495B-AA9B-5F3AFCA135B0}.Release|Any CPU.Build.0 = Release|Any CPU
		{1F0A2955-DE91-4C99-BF5D-7425E357432D}.Debug|Any CPU.ActiveCfg = Debug|Any CPU
		{1F0A2955-DE91-4C99-BF5D-7425E357432D}.Debug|Any CPU.Build.0 = Debug|Any CPU
		{1F0A2955-DE91-4C99-BF5D-7425E357432D}.Release|Any CPU.ActiveCfg = Release|Any CPU
		{1F0A2955-DE91-4C99-BF5D-7425E357432D}.Release|Any CPU.Build.0 = Release|Any CPU
		{9AAF8EE6-4534-4C77-A303-8C452D9D450D}.Debug|Any CPU.ActiveCfg = Debug|Any CPU
		{9AAF8EE6-4534-4C77-A303-8C452D9D450D}.Debug|Any CPU.Build.0 = Debug|Any CPU
		{9AAF8EE6-4534-4C77-A303-8C452D9D450D}.Release|Any CPU.ActiveCfg = Release|Any CPU
		{9AAF8EE6-4534-4C77-A303-8C452D9D450D}.Release|Any CPU.Build.0 = Release|Any CPU
	EndGlobalSection
EndGlobal
