
Microsoft Visual Studio Solution File, Format Version 12.00
# Visual Studio Version 17
VisualStudioVersion = 17.0.31903.59
MinimumVisualStudioVersion = 10.0.40219.1
Project("{FAE04EC0-301F-11D3-BF4B-00C04F79EFBC}") = "Api", "Api\Api.csproj", "{94C1D80E-196F-4FF3-B11E-E7687D85E675}"
EndProject
Project("{FAE04EC0-301F-11D3-BF4B-00C04F79EFBC}") = "Infrastructure", "Infrastructure\Infrastructure.csproj", "{67079711-5225-4C3F-88BC-523C9A5A283A}"
EndProject
Project("{FAE04EC0-301F-11D3-BF4B-00C04F79EFBC}") = "Domain", "Domain\Domain.csproj", "{242D5958-CB41-4381-B6F4-869D5D014F10}"
EndProject
Project("{FAE04EC0-301F-11D3-BF4B-00C04F79EFBC}") = "UnitTests", "UnitTests\UnitTests.csproj", "{76D1CC3B-3C7C-4817-90BA-274FF5E22228}"
EndProject
Global
	GlobalSection(SolutionConfigurationPlatforms) = preSolution
		Debug|Any CPU = Debug|Any CPU
		Release|Any CPU = Release|Any CPU
	EndGlobalSection
	GlobalSection(SolutionProperties) = preSolution
		HideSolutionNode = FALSE
	EndGlobalSection
	GlobalSection(ProjectConfigurationPlatforms) = postSolution
		{94C1D80E-196F-4FF3-B11E-E7687D85E675}.Debug|Any CPU.ActiveCfg = Debug|Any CPU
		{94C1D80E-196F-4FF3-B11E-E7687D85E675}.Debug|Any CPU.Build.0 = Debug|Any CPU
		{94C1D80E-196F-4FF3-B11E-E7687D85E675}.Release|Any CPU.ActiveCfg = Release|Any CPU
		{94C1D80E-196F-4FF3-B11E-E7687D85E675}.Release|Any CPU.Build.0 = Release|Any CPU
		{67079711-5225-4C3F-88BC-523C9A5A283A}.Debug|Any CPU.ActiveCfg = Debug|Any CPU
		{67079711-5225-4C3F-88BC-523C9A5A283A}.Debug|Any CPU.Build.0 = Debug|Any CPU
		{67079711-5225-4C3F-88BC-523C9A5A283A}.Release|Any CPU.ActiveCfg = Release|Any CPU
		{67079711-5225-4C3F-88BC-523C9A5A283A}.Release|Any CPU.Build.0 = Release|Any CPU
		{242D5958-CB41-4381-B6F4-869D5D014F10}.Debug|Any CPU.ActiveCfg = Debug|Any CPU
		{242D5958-CB41-4381-B6F4-869D5D014F10}.Debug|Any CPU.Build.0 = Debug|Any CPU
		{242D5958-CB41-4381-B6F4-869D5D014F10}.Release|Any CPU.ActiveCfg = Release|Any CPU
		{242D5958-CB41-4381-B6F4-869D5D014F10}.Release|Any CPU.Build.0 = Release|Any CPU
		{76D1CC3B-3C7C-4817-90BA-274FF5E22228}.Debug|Any CPU.ActiveCfg = Debug|Any CPU
		{76D1CC3B-3C7C-4817-90BA-274FF5E22228}.Debug|Any CPU.Build.0 = Debug|Any CPU
		{76D1CC3B-3C7C-4817-90BA-274FF5E22228}.Release|Any CPU.ActiveCfg = Release|Any CPU
		{76D1CC3B-3C7C-4817-90BA-274FF5E22228}.Release|Any CPU.Build.0 = Release|Any CPU
	EndGlobalSection
EndGlobal
